
Microsoft Visual Studio Solution File, Format Version 12.00
# Visual Studio 15
VisualStudioVersion = 15.0.26124.0
MinimumVisualStudioVersion = 15.0.26124.0
Project("{FAE04EC0-301F-11D3-BF4B-00C04F79EFBC}") = "Asn1Core", "Asn1Core\Asn1Core.csproj", "{48D624F8-095D-43B6-B78A-15B60B590D24}"
EndProject
Project("{FAE04EC0-301F-11D3-BF4B-00C04F79EFBC}") = "Asn1Core.Test", "Asn1Core.Test\Asn1Core.Test.csproj", "{451D3901-E208-436F-89EC-F3E038D4444C}"
EndProject
Global
	GlobalSection(SolutionConfigurationPlatforms) = preSolution
		Debug|Any CPU = Debug|Any CPU
		Debug|x64 = Debug|x64
		Debug|x86 = Debug|x86
		Release|Any CPU = Release|Any CPU
		Release|x64 = Release|x64
		Release|x86 = Release|x86
	EndGlobalSection
	GlobalSection(SolutionProperties) = preSolution
		HideSolutionNode = FALSE
	EndGlobalSection
	GlobalSection(ProjectConfigurationPlatforms) = postSolution
		{48D624F8-095D-43B6-B78A-15B60B590D24}.Debug|Any CPU.ActiveCfg = Debug|Any CPU
		{48D624F8-095D-43B6-B78A-15B60B590D24}.Debug|Any CPU.Build.0 = Debug|Any CPU
		{48D624F8-095D-43B6-B78A-15B60B590D24}.Debug|x64.ActiveCfg = Debug|Any CPU
		{48D624F8-095D-43B6-B78A-15B60B590D24}.Debug|x64.Build.0 = Debug|Any CPU
		{48D624F8-095D-43B6-B78A-15B60B590D24}.Debug|x86.ActiveCfg = Debug|Any CPU
		{48D624F8-095D-43B6-B78A-15B60B590D24}.Debug|x86.Build.0 = Debug|Any CPU
		{48D624F8-095D-43B6-B78A-15B60B590D24}.Release|Any CPU.ActiveCfg = Release|Any CPU
		{48D624F8-095D-43B6-B78A-15B60B590D24}.Release|Any CPU.Build.0 = Release|Any CPU
		{48D624F8-095D-43B6-B78A-15B60B590D24}.Release|x64.ActiveCfg = Release|Any CPU
		{48D624F8-095D-43B6-B78A-15B60B590D24}.Release|x64.Build.0 = Release|Any CPU
		{48D624F8-095D-43B6-B78A-15B60B590D24}.Release|x86.ActiveCfg = Release|Any CPU
		{48D624F8-095D-43B6-B78A-15B60B590D24}.Release|x86.Build.0 = Release|Any CPU
		{451D3901-E208-436F-89EC-F3E038D4444C}.Debug|Any CPU.ActiveCfg = Debug|Any CPU
		{451D3901-E208-436F-89EC-F3E038D4444C}.Debug|Any CPU.Build.0 = Debug|Any CPU
		{451D3901-E208-436F-89EC-F3E038D4444C}.Debug|x64.ActiveCfg = Debug|Any CPU
		{451D3901-E208-436F-89EC-F3E038D4444C}.Debug|x64.Build.0 = Debug|Any CPU
		{451D3901-E208-436F-89EC-F3E038D4444C}.Debug|x86.ActiveCfg = Debug|Any CPU
		{451D3901-E208-436F-89EC-F3E038D4444C}.Debug|x86.Build.0 = Debug|Any CPU
		{451D3901-E208-436F-89EC-F3E038D4444C}.Release|Any CPU.ActiveCfg = Release|Any CPU
		{451D3901-E208-436F-89EC-F3E038D4444C}.Release|Any CPU.Build.0 = Release|Any CPU
		{451D3901-E208-436F-89EC-F3E038D4444C}.Release|x64.ActiveCfg = Release|Any CPU
		{451D3901-E208-436F-89EC-F3E038D4444C}.Release|x64.Build.0 = Release|Any CPU
		{451D3901-E208-436F-89EC-F3E038D4444C}.Release|x86.ActiveCfg = Release|Any CPU
		{451D3901-E208-436F-89EC-F3E038D4444C}.Release|x86.Build.0 = Release|Any CPU
	EndGlobalSection
EndGlobal
